PODS:
  - IQKeyboardManagerSwift (6.5.9)
  - JGProgressHUD (2.2)

DEPENDENCIES:
  - IQKeyboardManagerSwift
  - JGProgressHUD

SPEC REPOS:
  trunk:
    - IQKeyboardManagerSwift
    - JGProgressHUD

SPEC CHECKSUMS:
  IQKeyboardManagerSwift: 6e839c575c4aa1078d58a596e41244e77abe918f
  JGProgressHUD: d83d7a981b85d11205e19ff8ad5bb9c40571c847

PODFILE CHECKSUM: d0907df94c4f8852fdd98b0bcc2cb84ab8974794

COCOAPODS: 1.11.2
