// !$*UTF8*$!
{
	archiveVersion = 1;
	classes = {
	};
	objectVersion = 56;
	objects = {

/* Begin PBXBuildFile section */
		EA4F154F28D4EFDF007A0DC8 /* Extension+UiView.swift in Sources */ = {isa = PBXBuildFile; fileRef = EA4F154E28D4EFDF007A0DC8 /* Extension+UiView.swift */; };
		EA51CCF728DFC9EA00CEEE08 /* ChatViewController.swift in Sources */ = {isa = PBXBuildFile; fileRef = EA51CCF628DFC9EA00CEEE08 /* ChatViewController.swift */; };
		EA52382428FB8E7000A21A59 /* Helper.swift in Sources */ = {isa = PBXBuildFile; fileRef = EA52382328FB8E7000A21A59 /* Helper.swift */; };
		EA559D9828FB7505003004B0 /* AuthViewController+handler.swift in Sources */ = {isa = PBXBuildFile; fileRef = EA559D9728FB7505003004B0 /* AuthViewController+handler.swift */; };
		EA847D4C28E081F600E3A7AC /* ChatTableViewCell.swift in Sources */ = {isa = PBXBuildFile; fileRef = EA847D4B28E081F600E3A7AC /* ChatTableViewCell.swift */; };
		EA847D4E28E085C200E3A7AC /* Message.swift in Sources */ = {isa = PBXBuildFile; fileRef = EA847D4D28E085C200E3A7AC /* Message.swift */; };
		EA847D5028E0A1EA00E3A7AC /* ProfileViewController.swift in Sources */ = {isa = PBXBuildFile; fileRef = EA847D4F28E0A1EA00E3A7AC /* ProfileViewController.swift */; };
		EA847D5428E0A72500E3A7AC /* ProfileTableViewCell.swift in Sources */ = {isa = PBXBuildFile; fileRef = EA847D5328E0A72500E3A7AC /* ProfileTableViewCell.swift */; };
		EA85ED2528E612D900B03B2A /* RoomsTableViewCell.swift in Sources */ = {isa = PBXBuildFile; fileRef = EA85ED2328E612D900B03B2A /* RoomsTableViewCell.swift */; };
		EA85ED2628E612D900B03B2A /* RoomsTableViewCell.xib in Resources */ = {isa = PBXBuildFile; fileRef = EA85ED2428E612D900B03B2A /* RoomsTableViewCell.xib */; };
		EA85ED2928E6211700B03B2A /* UsersViewController.swift in Sources */ = {isa = PBXBuildFile; fileRef = EA85ED2828E6211700B03B2A /* UsersViewController.swift */; };
		EA8F4C9728FAB394008744FD /* PrivateChat.swift in Sources */ = {isa = PBXBuildFile; fileRef = EA8F4C9628FAB394008744FD /* PrivateChat.swift */; };
		EAA399AD28DE65130033B90A /* Room.swift in Sources */ = {isa = PBXBuildFile; fileRef = EAA399AC28DE65130033B90A /* Room.swift */; };
		EAC215D728FB654200CBA4AF /* UserTableViewCell.swift in Sources */ = {isa = PBXBuildFile; fileRef = EAC215D528FB654200CBA4AF /* UserTableViewCell.swift */; };
		EAC215D828FB654200CBA4AF /* UserTableViewCell.xib in Resources */ = {isa = PBXBuildFile; fileRef = EAC215D628FB654200CBA4AF /* UserTableViewCell.xib */; };
		EACBC9A028E6357F00428BBA /* User.swift in Sources */ = {isa = PBXBuildFile; fileRef = EACBC99F28E6357F00428BBA /* User.swift */; };
		EAD1E75328D4B64D00F81C20 /* FormCollectionViewCell.swift in Sources */ = {isa = PBXBuildFile; fileRef = EAD1E75228D4B64D00F81C20 /* FormCollectionViewCell.swift */; };
		EAD4885228D4AA1200EB9AEE /* AppDelegate.swift in Sources */ = {isa = PBXBuildFile; fileRef = EAD4885128D4AA1200EB9AEE /* AppDelegate.swift */; };
		EAD4885428D4AA1200EB9AEE /* SceneDelegate.swift in Sources */ = {isa = PBXBuildFile; fileRef = EAD4885328D4AA1200EB9AEE /* SceneDelegate.swift */; };
		EAD4885628D4AA1200EB9AEE /* AuthViewController.swift in Sources */ = {isa = PBXBuildFile; fileRef = EAD4885528D4AA1200EB9AEE /* AuthViewController.swift */; };
		EAD4885928D4AA1200EB9AEE /* Main.storyboard in Resources */ = {isa = PBXBuildFile; fileRef = EAD4885728D4AA1200EB9AEE /* Main.storyboard */; };
		EAD4885B28D4AA1300EB9AEE /* Assets.xcassets in Resources */ = {isa = PBXBuildFile; fileRef = EAD4885A28D4AA1300EB9AEE /* Assets.xcassets */; };
		EAD4885E28D4AA1300EB9AEE /* LaunchScreen.storyboard in Resources */ = {isa = PBXBuildFile; fileRef = EAD4885C28D4AA1300EB9AEE /* LaunchScreen.storyboard */; };
		EAD4886728D4AE0300EB9AEE /* Extension+UiLable.swift in Sources */ = {isa = PBXBuildFile; fileRef = EAD4886628D4AE0300EB9AEE /* Extension+UiLable.swift */; };
		EAD7677228FC198500951DCE /* Extension+UiimageView.swift in Sources */ = {isa = PBXBuildFile; fileRef = EAD7677128FC198500951DCE /* Extension+UiimageView.swift */; };
		EADED58E28E94DAB004E1856 /* UserChatViewController.swift in Sources */ = {isa = PBXBuildFile; fileRef = EADED58D28E94DAB004E1856 /* UserChatViewController.swift */; };
		EAE411C128EA3C82007A68A3 /* YourChatsViewController.swift in Sources */ = {isa = PBXBuildFile; fileRef = EAE411C028EA3C82007A68A3 /* YourChatsViewController.swift */; };
		EAE411C328EA3D3C007A68A3 /* PeronalChats.swift in Sources */ = {isa = PBXBuildFile; fileRef = EAE411C228EA3D3C007A68A3 /* PeronalChats.swift */; };
		EAE9314328FCA60500521235 /* GoogleService-Info.plist in Resources */ = {isa = PBXBuildFile; fileRef = EAE9314228FCA60500521235 /* GoogleService-Info.plist */; };
		EAE9314528FCAB4600521235 /* ProfileViewController+PickerImageController.swift in Sources */ = {isa = PBXBuildFile; fileRef = EAE9314428FCAB4600521235 /* ProfileViewController+PickerImageController.swift */; };
		EAE9EAF028E290DF000DCF84 /* Setting.swift in Sources */ = {isa = PBXBuildFile; fileRef = EAE9EAEF28E290DF000DCF84 /* Setting.swift */; };
		EAEF1B8228D4CFE3004B2489 /* Extension+UitextField.swift in Sources */ = {isa = PBXBuildFile; fileRef = EAEF1B8128D4CFE3004B2489 /* Extension+UitextField.swift */; };
		EAF0477028DA222F0041B4F1 /* HomeViewController.swift in Sources */ = {isa = PBXBuildFile; fileRef = EAF0476F28DA222F0041B4F1 /* HomeViewController.swift */; };
		EAF0477228DA313F0041B4F1 /* Extension+UitableView.swift in Sources */ = {isa = PBXBuildFile; fileRef = EAF0477128DA313F0041B4F1 /* Extension+UitableView.swift */; };
		EAFA718728F1ED9F005A3C98 /* PrivateChatMessage.swift in Sources */ = {isa = PBXBuildFile; fileRef = EAFA718628F1ED9E005A3C98 /* PrivateChatMessage.swift */; };
		FEBEA7D06CD2CAA70F88F078 /* Pods_RoomChatApp.framework in Frameworks */ = {isa = PBXBuildFile; fileRef = 70792813B0B5B00949747713 /* Pods_RoomChatApp.framework */; };
/* End PBXBuildFile section */

/* Begin PBXFileReference section */
		3CD561A47B38490E3D99D3B8 /* Pods-RoomChatApp.release.xcconfig */ = {isa = PBXFileReference; includeInIndex = 1; lastKnownFileType = text.xcconfig; name = "Pods-RoomChatApp.release.xcconfig"; path = "Target Support Files/Pods-RoomChatApp/Pods-RoomChatApp.release.xcconfig"; sourceTree = "<group>"; };
		70792813B0B5B00949747713 /* Pods_RoomChatApp.framework */ = {isa = PBXFileReference; explicitFileType = wrapper.framework; includeInIndex = 0; path = Pods_RoomChatApp.framework; sourceTree = BUILT_PRODUCTS_DIR; };
		AC7E6E41A3003A16550E3475 /* Pods-RoomChatApp.debug.xcconfig */ = {isa = PBXFileReference; includeInIndex = 1; lastKnownFileType = text.xcconfig; name = "Pods-RoomChatApp.debug.xcconfig"; path = "Target Support Files/Pods-RoomChatApp/Pods-RoomChatApp.debug.xcconfig"; sourceTree = "<group>"; };
		EA4F154E28D4EFDF007A0DC8 /* Extension+UiView.swift */ = {isa = PBXFileReference; lastKnownFileType = sourcecode.swift; path = "Extension+UiView.swift"; sourceTree = "<group>"; };
		EA51CCF628DFC9EA00CEEE08 /* ChatViewController.swift */ = {isa = PBXFileReference; lastKnownFileType = sourcecode.swift; path = ChatViewController.swift; sourceTree = "<group>"; };
		EA52382328FB8E7000A21A59 /* Helper.swift */ = {isa = PBXFileReference; lastKnownFileType = sourcecode.swift; path = Helper.swift; sourceTree = "<group>"; };
		EA559D9728FB7505003004B0 /* AuthViewController+handler.swift */ = {isa = PBXFileReference; lastKnownFileType = sourcecode.swift; path = "AuthViewController+handler.swift"; sourceTree = "<group>"; };
		EA847D4B28E081F600E3A7AC /* ChatTableViewCell.swift */ = {isa = PBXFileReference; lastKnownFileType = sourcecode.swift; path = ChatTableViewCell.swift; sourceTree = "<group>"; };
		EA847D4D28E085C200E3A7AC /* Message.swift */ = {isa = PBXFileReference; lastKnownFileType = sourcecode.swift; path = Message.swift; sourceTree = "<group>"; };
		EA847D4F28E0A1EA00E3A7AC /* ProfileViewController.swift */ = {isa = PBXFileReference; lastKnownFileType = sourcecode.swift; path = ProfileViewController.swift; sourceTree = "<group>"; };
		EA847D5328E0A72500E3A7AC /* ProfileTableViewCell.swift */ = {isa = PBXFileReference; fileEncoding = 4; lastKnownFileType = sourcecode.swift; path = ProfileTableViewCell.swift; sourceTree = "<group>"; };
		EA85ED2328E612D900B03B2A /* RoomsTableViewCell.swift */ = {isa = PBXFileReference; lastKnownFileType = sourcecode.swift; path = RoomsTableViewCell.swift; sourceTree = "<group>"; };
		EA85ED2428E612D900B03B2A /* RoomsTableViewCell.xib */ = {isa = PBXFileReference; lastKnownFileType = file.xib; path = RoomsTableViewCell.xib; sourceTree = "<group>"; };
		EA85ED2828E6211700B03B2A /* UsersViewController.swift */ = {isa = PBXFileReference; lastKnownFileType = sourcecode.swift; path = UsersViewController.swift; sourceTree = "<group>"; };
		EA8F4C9628FAB394008744FD /* PrivateChat.swift */ = {isa = PBXFileReference; lastKnownFileType = sourcecode.swift; path = PrivateChat.swift; sourceTree = "<group>"; };
		EAA399AC28DE65130033B90A /* Room.swift */ = {isa = PBXFileReference; lastKnownFileType = sourcecode.swift; path = Room.swift; sourceTree = "<group>"; };
		EAC215D528FB654200CBA4AF /* UserTableViewCell.swift */ = {isa = PBXFileReference; lastKnownFileType = sourcecode.swift; path = UserTableViewCell.swift; sourceTree = "<group>"; };
		EAC215D628FB654200CBA4AF /* UserTableViewCell.xib */ = {isa = PBXFileReference; lastKnownFileType = file.xib; path = UserTableViewCell.xib; sourceTree = "<group>"; };
		EACBC99F28E6357F00428BBA /* User.swift */ = {isa = PBXFileReference; lastKnownFileType = sourcecode.swift; path = User.swift; sourceTree = "<group>"; };
		EAD1E75228D4B64D00F81C20 /* FormCollectionViewCell.swift */ = {isa = PBXFileReference; lastKnownFileType = sourcecode.swift; name = FormCollectionViewCell.swift; path = "../New Group/FormCollectionViewCell.swift"; sourceTree = "<group>"; };
		EAD4884E28D4AA1200EB9AEE /* RoomChatApp.app */ = {isa = PBXFileReference; explicitFileType = wrapper.application; includeInIndex = 0; path = RoomChatApp.app; sourceTree = BUILT_PRODUCTS_DIR; };
		EAD4885128D4AA1200EB9AEE /* AppDelegate.swift */ = {isa = PBXFileReference; lastKnownFileType = sourcecode.swift; path = AppDelegate.swift; sourceTree = "<group>"; };
		EAD4885328D4AA1200EB9AEE /* SceneDelegate.swift */ = {isa = PBXFileReference; lastKnownFileType = sourcecode.swift; path = SceneDelegate.swift; sourceTree = "<group>"; };
		EAD4885528D4AA1200EB9AEE /* AuthViewController.swift */ = {isa = PBXFileReference; lastKnownFileType = sourcecode.swift; path = AuthViewController.swift; sourceTree = "<group>"; };
		EAD4885828D4AA1200EB9AEE /* Base */ = {isa = PBXFileReference; lastKnownFileType = file.storyboard; name = Base; path = Base.lproj/Main.storyboard; sourceTree = "<group>"; };
		EAD4885A28D4AA1300EB9AEE /* Assets.xcassets */ = {isa = PBXFileReference; lastKnownFileType = folder.assetcatalog; path = Assets.xcassets; sourceTree = "<group>"; };
		EAD4885D28D4AA1300EB9AEE /* Base */ = {isa = PBXFileReference; lastKnownFileType = file.storyboard; name = Base; path = Base.lproj/LaunchScreen.storyboard; sourceTree = "<group>"; };
		EAD4885F28D4AA1300EB9AEE /* Info.plist */ = {isa = PBXFileReference; lastKnownFileType = text.plist.xml; path = Info.plist; sourceTree = "<group>"; };
		EAD4886628D4AE0300EB9AEE /* Extension+UiLable.swift */ = {isa = PBXFileReference; lastKnownFileType = sourcecode.swift; path = "Extension+UiLable.swift"; sourceTree = "<group>"; };
		EAD7677128FC198500951DCE /* Extension+UiimageView.swift */ = {isa = PBXFileReference; lastKnownFileType = sourcecode.swift; path = "Extension+UiimageView.swift"; sourceTree = "<group>"; };
		EADED58D28E94DAB004E1856 /* UserChatViewController.swift */ = {isa = PBXFileReference; lastKnownFileType = sourcecode.swift; path = UserChatViewController.swift; sourceTree = "<group>"; };
		EAE411C028EA3C82007A68A3 /* YourChatsViewController.swift */ = {isa = PBXFileReference; lastKnownFileType = sourcecode.swift; path = YourChatsViewController.swift; sourceTree = "<group>"; };
		EAE411C228EA3D3C007A68A3 /* PeronalChats.swift */ = {isa = PBXFileReference; lastKnownFileType = sourcecode.swift; path = PeronalChats.swift; sourceTree = "<group>"; };
		EAE9314228FCA60500521235 /* GoogleService-Info.plist */ = {isa = PBXFileReference; fileEncoding = 4; lastKnownFileType = text.plist.xml; path = "GoogleService-Info.plist"; sourceTree = "<group>"; };
		EAE9314428FCAB4600521235 /* ProfileViewController+PickerImageController.swift */ = {isa = PBXFileReference; lastKnownFileType = sourcecode.swift; path = "ProfileViewController+PickerImageController.swift"; sourceTree = "<group>"; };
		EAE9EAEF28E290DF000DCF84 /* Setting.swift */ = {isa = PBXFileReference; lastKnownFileType = sourcecode.swift; path = Setting.swift; sourceTree = "<group>"; };
		EAEF1B8128D4CFE3004B2489 /* Extension+UitextField.swift */ = {isa = PBXFileReference; lastKnownFileType = sourcecode.swift; path = "Extension+UitextField.swift"; sourceTree = "<group>"; };
		EAF0476F28DA222F0041B4F1 /* HomeViewController.swift */ = {isa = PBXFileReference; lastKnownFileType = sourcecode.swift; path = HomeViewController.swift; sourceTree = "<group>"; };
		EAF0477128DA313F0041B4F1 /* Extension+UitableView.swift */ = {isa = PBXFileReference; lastKnownFileType = sourcecode.swift; path = "Extension+UitableView.swift"; sourceTree = "<group>"; };
		EAFA718628F1ED9E005A3C98 /* PrivateChatMessage.swift */ = {isa = PBXFileReference; lastKnownFileType = sourcecode.swift; path = PrivateChatMessage.swift; sourceTree = "<group>"; };
/* End PBXFileReference section */

/* Begin PBXFrameworksBuildPhase section */
		EAD4884B28D4AA1200EB9AEE /* Frameworks */ = {
			isa = PBXFrameworksBuildPhase;
			buildActionMask = 2147483647;
			files = (
				FEBEA7D06CD2CAA70F88F078 /* Pods_RoomChatApp.framework in Frameworks */,
			);
			runOnlyForDeploymentPostprocessing = 0;
		};
/* End PBXFrameworksBuildPhase section */

/* Begin PBXGroup section */
		19A93945D2037EFD935DA6C7 /* Pods */ = {
			isa = PBXGroup;
			children = (
				AC7E6E41A3003A16550E3475 /* Pods-RoomChatApp.debug.xcconfig */,
				3CD561A47B38490E3D99D3B8 /* Pods-RoomChatApp.release.xcconfig */,
			);
			path = Pods;
			sourceTree = "<group>";
		};
		9C9B91EB97E6E0FB199ADFC3 /* Frameworks */ = {
			isa = PBXGroup;
			children = (
				70792813B0B5B00949747713 /* Pods_RoomChatApp.framework */,
			);
			name = Frameworks;
			sourceTree = "<group>";
		};
		EA4F155028D4F02F007A0DC8 /* Resources */ = {
			isa = PBXGroup;
			children = (
				EAD4885128D4AA1200EB9AEE /* AppDelegate.swift */,
				EAD4885328D4AA1200EB9AEE /* SceneDelegate.swift */,
			);
			path = Resources;
			sourceTree = "<group>";
		};
		EA52382228FB848500A21A59 /* AuthViewController */ = {
			isa = PBXGroup;
			children = (
				EAD4885528D4AA1200EB9AEE /* AuthViewController.swift */,
				EA559D9728FB7505003004B0 /* AuthViewController+handler.swift */,
			);
			name = AuthViewController;
			sourceTree = "<group>";
		};
		EA5DFC9428F9870600E42D56 /* PrivateChats */ = {
			isa = PBXGroup;
			children = (
				EA85ED2828E6211700B03B2A /* UsersViewController.swift */,
				EAE411C028EA3C82007A68A3 /* YourChatsViewController.swift */,
				EADED58D28E94DAB004E1856 /* UserChatViewController.swift */,
			);
			name = PrivateChats;
			sourceTree = "<group>";
		};
		EA5DFC9528F9871700E42D56 /* RoomsChat */ = {
			isa = PBXGroup;
			children = (
				EA51CCF628DFC9EA00CEEE08 /* ChatViewController.swift */,
			);
			name = RoomsChat;
			sourceTree = "<group>";
		};
		EA5EEE3528D4E97A00192316 /* Cells */ = {
			isa = PBXGroup;
			children = (
				EAD1E75228D4B64D00F81C20 /* FormCollectionViewCell.swift */,
				EA847D4B28E081F600E3A7AC /* ChatTableViewCell.swift */,
				EA847D5328E0A72500E3A7AC /* ProfileTableViewCell.swift */,
				EA85ED2728E612DE00B03B2A /* RoomsUITableViewCell */,
				EAC215D428FB651700CBA4AF /* UsersUitableViewCell */,
			);
			path = Cells;
			sourceTree = "<group>";
		};
		EA5EEE3628D4E98E00192316 /* Views */ = {
			isa = PBXGroup;
			children = (
				EA52382228FB848500A21A59 /* AuthViewController */,
				EAF0476F28DA222F0041B4F1 /* HomeViewController.swift */,
				EA5DFC9528F9871700E42D56 /* RoomsChat */,
				EAE9314628FCAB4B00521235 /* ProfileViewController */,
				EA5DFC9428F9870600E42D56 /* PrivateChats */,
			);
			name = Views;
			sourceTree = "<group>";
		};
		EA85ED2728E612DE00B03B2A /* RoomsUITableViewCell */ = {
			isa = PBXGroup;
			children = (
				EA85ED2328E612D900B03B2A /* RoomsTableViewCell.swift */,
				EA85ED2428E612D900B03B2A /* RoomsTableViewCell.xib */,
			);
			path = RoomsUITableViewCell;
			sourceTree = "<group>";
		};
		EAA399AB28DE65050033B90A /* Model */ = {
			isa = PBXGroup;
			children = (
				EAA399AC28DE65130033B90A /* Room.swift */,
				EA847D4D28E085C200E3A7AC /* Message.swift */,
				EAE9EAEF28E290DF000DCF84 /* Setting.swift */,
				EACBC99F28E6357F00428BBA /* User.swift */,
				EAE411C228EA3D3C007A68A3 /* PeronalChats.swift */,
				EAFA718628F1ED9E005A3C98 /* PrivateChatMessage.swift */,
				EA8F4C9628FAB394008744FD /* PrivateChat.swift */,
			);
			path = Model;
			sourceTree = "<group>";
		};
		EAC215D428FB651700CBA4AF /* UsersUitableViewCell */ = {
			isa = PBXGroup;
			children = (
				EAC215D528FB654200CBA4AF /* UserTableViewCell.swift */,
				EAC215D628FB654200CBA4AF /* UserTableViewCell.xib */,
			);
			path = UsersUitableViewCell;
			sourceTree = "<group>";
		};
		EAD4884528D4AA1200EB9AEE = {
			isa = PBXGroup;
			children = (
				EAD4885028D4AA1200EB9AEE /* RoomChatApp */,
				EAD4884F28D4AA1200EB9AEE /* Products */,
				19A93945D2037EFD935DA6C7 /* Pods */,
				9C9B91EB97E6E0FB199ADFC3 /* Frameworks */,
			);
			sourceTree = "<group>";
		};
		EAD4884F28D4AA1200EB9AEE /* Products */ = {
			isa = PBXGroup;
			children = (
				EAD4884E28D4AA1200EB9AEE /* RoomChatApp.app */,
			);
			name = Products;
			sourceTree = "<group>";
		};
		EAD4885028D4AA1200EB9AEE /* RoomChatApp */ = {
			isa = PBXGroup;
			children = (
				EAA399AB28DE65050033B90A /* Model */,
				EA4F155028D4F02F007A0DC8 /* Resources */,
				EAE9314128FC367E00521235 /* Helper */,
				EAD4886528D4ADF100EB9AEE /* Extensions */,
				EA5EEE3528D4E97A00192316 /* Cells */,
				EA5EEE3628D4E98E00192316 /* Views */,
				EAD4885728D4AA1200EB9AEE /* Main.storyboard */,
				EAD4885A28D4AA1300EB9AEE /* Assets.xcassets */,
				EAD4885C28D4AA1300EB9AEE /* LaunchScreen.storyboard */,
				EAD4885F28D4AA1300EB9AEE /* Info.plist */,
				EAE9314228FCA60500521235 /* GoogleService-Info.plist */,
			);
			path = RoomChatApp;
			sourceTree = "<group>";
		};
		EAD4886528D4ADF100EB9AEE /* Extensions */ = {
			isa = PBXGroup;
			children = (
				EAD4886628D4AE0300EB9AEE /* Extension+UiLable.swift */,
				EAEF1B8128D4CFE3004B2489 /* Extension+UitextField.swift */,
				EA4F154E28D4EFDF007A0DC8 /* Extension+UiView.swift */,
				EAF0477128DA313F0041B4F1 /* Extension+UitableView.swift */,
				EAD7677128FC198500951DCE /* Extension+UiimageView.swift */,
			);
			path = Extensions;
			sourceTree = "<group>";
		};
		EAE9314128FC367E00521235 /* Helper */ = {
			isa = PBXGroup;
			children = (
				EA52382328FB8E7000A21A59 /* Helper.swift */,
			);
			path = Helper;
			sourceTree = "<group>";
		};
		EAE9314628FCAB4B00521235 /* ProfileViewController */ = {
			isa = PBXGroup;
			children = (
				EA847D4F28E0A1EA00E3A7AC /* ProfileViewController.swift */,
				EAE9314428FCAB4600521235 /* ProfileViewController+PickerImageController.swift */,
			);
			name = ProfileViewController;
			sourceTree = "<group>";
		};
/* End PBXGroup section */

/* Begin PBXNativeTarget section */
		EAD4884D28D4AA1200EB9AEE /* RoomChatApp */ = {
			isa = PBXNativeTarget;
			buildConfigurationList = EAD4886228D4AA1300EB9AEE /* Build configuration list for PBXNativeTarget "RoomChatApp" */;
			buildPhases = (
				90A69FC3273F9A24E26A9326 /* [CP] Check Pods Manifest.lock */,
				EAD4884A28D4AA1200EB9AEE /* Sources */,
				EAD4884B28D4AA1200EB9AEE /* Frameworks */,
				EAD4884C28D4AA1200EB9AEE /* Resources */,
				7171293E0CDBF88A258E4A88 /* [CP] Embed Pods Frameworks */,
			);
			buildRules = (
			);
			dependencies = (
			);
			name = RoomChatApp;
			productName = RoomChatApp;
			productReference = EAD4884E28D4AA1200EB9AEE /* RoomChatApp.app */;
			productType = "com.apple.product-type.application";
		};
/* End PBXNativeTarget section */

/* Begin PBXProject section */
		EAD4884628D4AA1200EB9AEE /* Project object */ = {
			isa = PBXProject;
			attributes = {
				BuildIndependentTargetsInParallel = 1;
				LastSwiftUpdateCheck = 1400;
				LastUpgradeCheck = 1400;
				TargetAttributes = {
					EAD4884D28D4AA1200EB9AEE = {
						CreatedOnToolsVersion = 14.0;
					};
				};
			};
			buildConfigurationList = EAD4884928D4AA1200EB9AEE /* Build configuration list for PBXProject "RoomChatApp" */;
			compatibilityVersion = "Xcode 14.0";
			developmentRegion = en;
			hasScannedForEncodings = 0;
			knownRegions = (
				en,
				Base,
			);
			mainGroup = EAD4884528D4AA1200EB9AEE;
			packageReferences = (
				EA52382128FB807200A21A59 /* XCRemoteSwiftPackageReference "firebase-ios-sdk" */,
			);
			productRefGroup = EAD4884F28D4AA1200EB9AEE /* Products */;
			projectDirPath = "";
			projectRoot = "";
			targets = (
				EAD4884D28D4AA1200EB9AEE /* RoomChatApp */,
			);
		};
/* End PBXProject section */

/* Begin PBXResourcesBuildPhase section */
		EAD4884C28D4AA1200EB9AEE /* Resources */ = {
			isa = PBXResourcesBuildPhase;
			buildActionMask = 2147483647;
			files = (
				EAD4885E28D4AA1300EB9AEE /* LaunchScreen.storyboard in Resources */,
				EA85ED2628E612D900B03B2A /* RoomsTableViewCell.xib in Resources */,
				EAD4885B28D4AA1300EB9AEE /* Assets.xcassets in Resources */,
				EAC215D828FB654200CBA4AF /* UserTableViewCell.xib in Resources */,
				EAD4885928D4AA1200EB9AEE /* Main.storyboard in Resources */,
				EAE9314328FCA60500521235 /* GoogleService-Info.plist in Resources */,
			);
			runOnlyForDeploymentPostprocessing = 0;
		};
/* End PBXResourcesBuildPhase section */

/* Begin PBXShellScriptBuildPhase section */
		7171293E0CDBF88A258E4A88 /* [CP] Embed Pods Frameworks */ = {
			isa = PBXShellScriptBuildPhase;
			buildActionMask = 2147483647;
			files = (
			);
			inputFileListPaths = (
				"${PODS_ROOT}/Target Support Files/Pods-RoomChatApp/Pods-RoomChatApp-frameworks-${CONFIGURATION}-input-files.xcfilelist",
			);
			name = "[CP] Embed Pods Frameworks";
			outputFileListPaths = (
				"${PODS_ROOT}/Target Support Files/Pods-RoomChatApp/Pods-RoomChatApp-frameworks-${CONFIGURATION}-output-files.xcfilelist",
			);
			runOnlyForDeploymentPostprocessing = 0;
			shellPath = /bin/sh;
			shellScript = "\"${PODS_ROOT}/Target Support Files/Pods-RoomChatApp/Pods-RoomChatApp-frameworks.sh\"\n";
			showEnvVarsInLog = 0;
		};
		90A69FC3273F9A24E26A9326 /* [CP] Check Pods Manifest.lock */ = {
			isa = PBXShellScriptBuildPhase;
			buildActionMask = 2147483647;
			files = (
			);
			inputFileListPaths = (
			);
			inputPaths = (
				"${PODS_PODFILE_DIR_PATH}/Podfile.lock",
				"${PODS_ROOT}/Manifest.lock",
			);
			name = "[CP] Check Pods Manifest.lock";
			outputFileListPaths = (
			);
			outputPaths = (
				"$(DERIVED_FILE_DIR)/Pods-RoomChatApp-checkManifestLockResult.txt",
			);
			runOnlyForDeploymentPostprocessing = 0;
			shellPath = /bin/sh;
			shellScript = "diff \"${PODS_PODFILE_DIR_PATH}/Podfile.lock\" \"${PODS_ROOT}/Manifest.lock\" > /dev/null\nif [ $? != 0 ] ; then\n    # print error to STDERR\n    echo \"error: The sandbox is not in sync with the Podfile.lock. Run 'pod install' or update your CocoaPods installation.\" >&2\n    exit 1\nfi\n# This output is used by Xcode 'outputs' to avoid re-running this script phase.\necho \"SUCCESS\" > \"${SCRIPT_OUTPUT_FILE_0}\"\n";
			showEnvVarsInLog = 0;
		};
/* End PBXShellScriptBuildPhase section */

/* Begin PBXSourcesBuildPhase section */
		EAD4884A28D4AA1200EB9AEE /* Sources */ = {
			isa = PBXSourcesBuildPhase;
			buildActionMask = 2147483647;
			files = (
				EA4F154F28D4EFDF007A0DC8 /* Extension+UiView.swift in Sources */,
				EAD1E75328D4B64D00F81C20 /* FormCollectionViewCell.swift in Sources */,
				EA51CCF728DFC9EA00CEEE08 /* ChatViewController.swift in Sources */,
				EA847D5428E0A72500E3A7AC /* ProfileTableViewCell.swift in Sources */,
				EAE9314528FCAB4600521235 /* ProfileViewController+PickerImageController.swift in Sources */,
				EAD4886728D4AE0300EB9AEE /* Extension+UiLable.swift in Sources */,
				EA52382428FB8E7000A21A59 /* Helper.swift in Sources */,
				EA847D5028E0A1EA00E3A7AC /* ProfileViewController.swift in Sources */,
				EAE411C128EA3C82007A68A3 /* YourChatsViewController.swift in Sources */,
				EA85ED2528E612D900B03B2A /* RoomsTableViewCell.swift in Sources */,
				EA85ED2928E6211700B03B2A /* UsersViewController.swift in Sources */,
				EAE411C328EA3D3C007A68A3 /* PeronalChats.swift in Sources */,
				EAE9EAF028E290DF000DCF84 /* Setting.swift in Sources */,
				EAF0477028DA222F0041B4F1 /* HomeViewController.swift in Sources */,
				EAA399AD28DE65130033B90A /* Room.swift in Sources */,
				EAD4885628D4AA1200EB9AEE /* AuthViewController.swift in Sources */,
				EAC215D728FB654200CBA4AF /* UserTableViewCell.swift in Sources */,
				EAFA718728F1ED9F005A3C98 /* PrivateChatMessage.swift in Sources */,
				EAD4885228D4AA1200EB9AEE /* AppDelegate.swift in Sources */,
				EAD4885428D4AA1200EB9AEE /* SceneDelegate.swift in Sources */,
				EA847D4E28E085C200E3A7AC /* Message.swift in Sources */,
				EA847D4C28E081F600E3A7AC /* ChatTableViewCell.swift in Sources */,
				EAEF1B8228D4CFE3004B2489 /* Extension+UitextField.swift in Sources */,
				EAD7677228FC198500951DCE /* Extension+UiimageView.swift in Sources */,
				EADED58E28E94DAB004E1856 /* UserChatViewController.swift in Sources */,
				EAF0477228DA313F0041B4F1 /* Extension+UitableView.swift in Sources */,
				EACBC9A028E6357F00428BBA /* User.swift in Sources */,
				EA559D9828FB7505003004B0 /* AuthViewController+handler.swift in Sources */,
				EA8F4C9728FAB394008744FD /* PrivateChat.swift in Sources */,
			);
			runOnlyForDeploymentPostprocessing = 0;
		};
/* End PBXSourcesBuildPhase section */

/* Begin PBXVariantGroup section */
		EAD4885728D4AA1200EB9AEE /* Main.storyboard */ = {
			isa = PBXVariantGroup;
			children = (
				EAD4885828D4AA1200EB9AEE /* Base */,
			);
			name = Main.storyboard;
			sourceTree = "<group>";
		};
		EAD4885C28D4AA1300EB9AEE /* LaunchScreen.storyboard */ = {
			isa = PBXVariantGroup;
			children = (
				EAD4885D28D4AA1300EB9AEE /* Base */,
			);
			name = LaunchScreen.storyboard;
			sourceTree = "<group>";
		};
/* End PBXVariantGroup section */

/* Begin XCBuildConfiguration section */
		EAD4886028D4AA1300EB9AEE /* Debug */ = {
			isa = XCBuildConfiguration;
			buildSettings = {
				ALWAYS_SEARCH_USER_PATHS = NO;
				CLANG_ANALYZER_NONNULL = YES;
				CLANG_ANALYZER_NUMBER_OBJECT_CONVERSION = YES_AGGRESSIVE;
				CLANG_CXX_LANGUAGE_STANDARD = "gnu++20";
				CLANG_ENABLE_MODULES = YES;
				CLANG_ENABLE_OBJC_ARC = YES;
				CLANG_ENABLE_OBJC_WEAK = YES;
				CLANG_WARN_BLOCK_CAPTURE_AUTORELEASING = YES;
				CLANG_WARN_BOOL_CONVERSION = YES;
				CLANG_WARN_COMMA = YES;
				CLANG_WARN_CONSTANT_CONVERSION = YES;
				CLANG_WARN_DEPRECATED_OBJC_IMPLEMENTATIONS = YES;
				CLANG_WARN_DIRECT_OBJC_ISA_USAGE = YES_ERROR;
				CLANG_WARN_DOCUMENTATION_COMMENTS = YES;
				CLANG_WARN_EMPTY_BODY = YES;
				CLANG_WARN_ENUM_CONVERSION = YES;
				CLANG_WARN_INFINITE_RECURSION = YES;
				CLANG_WARN_INT_CONVERSION = YES;
				CLANG_WARN_NON_LITERAL_NULL_CONVERSION = YES;
				CLANG_WARN_OBJC_IMPLICIT_RETAIN_SELF = YES;
				CLANG_WARN_OBJC_LITERAL_CONVERSION = YES;
				CLANG_WARN_OBJC_ROOT_CLASS = YES_ERROR;
				CLANG_WARN_QUOTED_INCLUDE_IN_FRAMEWORK_HEADER = YES;
				CLANG_WARN_RANGE_LOOP_ANALYSIS = YES;
				CLANG_WARN_STRICT_PROTOTYPES = YES;
				CLANG_WARN_SUSPICIOUS_MOVE = YES;
				CLANG_WARN_UNGUARDED_AVAILABILITY = YES_AGGRESSIVE;
				CLANG_WARN_UNREACHABLE_CODE = YES;
				CLANG_WARN__DUPLICATE_METHOD_MATCH = YES;
				COPY_PHASE_STRIP = NO;
				DEBUG_INFORMATION_FORMAT = dwarf;
				ENABLE_STRICT_OBJC_MSGSEND = YES;
				ENABLE_TESTABILITY = YES;
				GCC_C_LANGUAGE_STANDARD = gnu11;
				GCC_DYNAMIC_NO_PIC = NO;
				GCC_NO_COMMON_BLOCKS = YES;
				GCC_OPTIMIZATION_LEVEL = 0;
				GCC_PREPROCESSOR_DEFINITIONS = (
					"DEBUG=1",
					"$(inherited)",
				);
				GCC_WARN_64_TO_32_BIT_CONVERSION = YES;
				GCC_WARN_ABOUT_RETURN_TYPE = YES_ERROR;
				GCC_WARN_UNDECLARED_SELECTOR = YES;
				GCC_WARN_UNINITIALIZED_AUTOS = YES_AGGRESSIVE;
				GCC_WARN_UNUSED_FUNCTION = YES;
				GCC_WARN_UNUSED_VARIABLE = YES;
				IPHONEOS_DEPLOYMENT_TARGET = 16.0;
				MTL_ENABLE_DEBUG_INFO = INCLUDE_SOURCE;
				MTL_FAST_MATH = YES;
				ONLY_ACTIVE_ARCH = YES;
				SDKROOT = iphoneos;
				SWIFT_ACTIVE_COMPILATION_CONDITIONS = DEBUG;
				SWIFT_OPTIMIZATION_LEVEL = "-Onone";
			};
			name = Debug;
		};
		EAD4886128D4AA1300EB9AEE /* Release */ = {
			isa = XCBuildConfiguration;
			buildSettings = {
				ALWAYS_SEARCH_USER_PATHS = NO;
				CLANG_ANALYZER_NONNULL = YES;
				CLANG_ANALYZER_NUMBER_OBJECT_CONVERSION = YES_AGGRESSIVE;
				CLANG_CXX_LANGUAGE_STANDARD = "gnu++20";
				CLANG_ENABLE_MODULES = YES;
				CLANG_ENABLE_OBJC_ARC = YES;
				CLANG_ENABLE_OBJC_WEAK = YES;
				CLANG_WARN_BLOCK_CAPTURE_AUTORELEASING = YES;
				CLANG_WARN_BOOL_CONVERSION = YES;
				CLANG_WARN_COMMA = YES;
				CLANG_WARN_CONSTANT_CONVERSION = YES;
				CLANG_WARN_DEPRECATED_OBJC_IMPLEMENTATIONS = YES;
				CLANG_WARN_DIRECT_OBJC_ISA_USAGE = YES_ERROR;
				CLANG_WARN_DOCUMENTATION_COMMENTS = YES;
				CLANG_WARN_EMPTY_BODY = YES;
				CLANG_WARN_ENUM_CONVERSION = YES;
				CLANG_WARN_INFINITE_RECURSION = YES;
				CLANG_WARN_INT_CONVERSION = YES;
				CLANG_WARN_NON_LITERAL_NULL_CONVERSION = YES;
				CLANG_WARN_OBJC_IMPLICIT_RETAIN_SELF = YES;
				CLANG_WARN_OBJC_LITERAL_CONVERSION = YES;
				CLANG_WARN_OBJC_ROOT_CLASS = YES_ERROR;
				CLANG_WARN_QUOTED_INCLUDE_IN_FRAMEWORK_HEADER = YES;
				CLANG_WARN_RANGE_LOOP_ANALYSIS = YES;
				CLANG_WARN_STRICT_PROTOTYPES = YES;
				CLANG_WARN_SUSPICIOUS_MOVE = YES;
				CLANG_WARN_UNGUARDED_AVAILABILITY = YES_AGGRESSIVE;
				CLANG_WARN_UNREACHABLE_CODE = YES;
				CLANG_WARN__DUPLICATE_METHOD_MATCH = YES;
				COPY_PHASE_STRIP = NO;
				DEBUG_INFORMATION_FORMAT = "dwarf-with-dsym";
				ENABLE_NS_ASSERTIONS = NO;
				ENABLE_STRICT_OBJC_MSGSEND = YES;
				GCC_C_LANGUAGE_STANDARD = gnu11;
				GCC_NO_COMMON_BLOCKS = YES;
				GCC_WARN_64_TO_32_BIT_CONVERSION = YES;
				GCC_WARN_ABOUT_RETURN_TYPE = YES_ERROR;
				GCC_WARN_UNDECLARED_SELECTOR = YES;
				GCC_WARN_UNINITIALIZED_AUTOS = YES_AGGRESSIVE;
				GCC_WARN_UNUSED_FUNCTION = YES;
				GCC_WARN_UNUSED_VARIABLE = YES;
				IPHONEOS_DEPLOYMENT_TARGET = 16.0;
				MTL_ENABLE_DEBUG_INFO = NO;
				MTL_FAST_MATH = YES;
				SDKROOT = iphoneos;
				SWIFT_COMPILATION_MODE = wholemodule;
				SWIFT_OPTIMIZATION_LEVEL = "-O";
				VALIDATE_PRODUCT = YES;
			};
			name = Release;
		};
		EAD4886328D4AA1300EB9AEE /* Debug */ = {
			isa = XCBuildConfiguration;
			baseConfigurationReference = AC7E6E41A3003A16550E3475 /* Pods-RoomChatApp.debug.xcconfig */;
			buildSettings = {
				ASSETCATALOG_COMPILER_APPICON_NAME = AppIcon;
				ASSETCATALOG_COMPILER_GLOBAL_ACCENT_COLOR_NAME = AccentColor;
				CODE_SIGN_STYLE = Automatic;
				CURRENT_PROJECT_VERSION = 1;
				DEVELOPMENT_TEAM = 3TWF5CMBRA;
				GENERATE_INFOPLIST_FILE = YES;
				INFOPLIST_FILE = RoomChatApp/Info.plist;
				INFOPLIST_KEY_CFBundleDisplayName = Chatomat;
				INFOPLIST_KEY_UIApplicationSupportsIndirectInputEvents = YES;
				INFOPLIST_KEY_UILaunchStoryboardName = LaunchScreen;
				INFOPLIST_KEY_UIMainStoryboardFile = Main;
				INFOPLIST_KEY_UISupportedInterfaceOrientations_iPad = "UIInterfaceOrientationPortrait UIInterfaceOrientationPortraitUpsideDown UIInterfaceOrientationLandscapeLeft UIInterfaceOrientationLandscapeRight";
				INFOPLIST_KEY_UISupportedInterfaceOrientations_iPhone = "UIInterfaceOrientationPortrait UIInterfaceOrientationLandscapeLeft UIInterfaceOrientationLandscapeRight";
				IPHONEOS_DEPLOYMENT_TARGET = 15.0;
				LD_RUNPATH_SEARCH_PATHS = (
					"$(inherited)",
					"@executable_path/Frameworks",
				);
				MARKETING_VERSION = 1.0;
				PRODUCT_BUNDLE_IDENTIFIER = khaled2024.RoomChatApp;
				PRODUCT_NAME = "$(TARGET_NAME)";
				SWIFT_EMIT_LOC_STRINGS = YES;
				SWIFT_VERSION = 5.0;
				TARGETED_DEVICE_FAMILY = "1,2";
			};
			name = Debug;
		};
		EAD4886428D4AA1300EB9AEE /* Release */ = {
			isa = XCBuildConfiguration;
			baseConfigurationReference = 3CD561A47B38490E3D99D3B8 /* Pods-RoomChatApp.release.xcconfig */;
			buildSettings = {
				ASSETCATALOG_COMPILER_APPICON_NAME = AppIcon;
				ASSETCATALOG_COMPILER_GLOBAL_ACCENT_COLOR_NAME = AccentColor;
				CODE_SIGN_STYLE = Automatic;
				CURRENT_PROJECT_VERSION = 1;
				DEVELOPMENT_TEAM = 3TWF5CMBRA;
				GENERATE_INFOPLIST_FILE = YES;
				INFOPLIST_FILE = RoomChatApp/Info.plist;
				INFOPLIST_KEY_CFBundleDisplayName = Chatomat;
				INFOPLIST_KEY_UIApplicationSupportsIndirectInputEvents = YES;
				INFOPLIST_KEY_UILaunchStoryboardName = LaunchScreen;
				INFOPLIST_KEY_UIMainStoryboardFile = Main;
				INFOPLIST_KEY_UISupportedInterfaceOrientations_iPad = "UIInterfaceOrientationPortrait UIInterfaceOrientationPortraitUpsideDown UIInterfaceOrientationLandscapeLeft UIInterfaceOrientationLandscapeRight";
				INFOPLIST_KEY_UISupportedInterfaceOrientations_iPhone = "UIInterfaceOrientationPortrait UIInterfaceOrientationLandscapeLeft UIInterfaceOrientationLandscapeRight";
				IPHONEOS_DEPLOYMENT_TARGET = 15.0;
				LD_RUNPATH_SEARCH_PATHS = (
					"$(inherited)",
					"@executable_path/Frameworks",
				);
				MARKETING_VERSION = 1.0;
				PRODUCT_BUNDLE_IDENTIFIER = khaled2024.RoomChatApp;
				PRODUCT_NAME = "$(TARGET_NAME)";
				SWIFT_EMIT_LOC_STRINGS = YES;
				SWIFT_VERSION = 5.0;
				TARGETED_DEVICE_FAMILY = "1,2";
			};
			name = Release;
		};
/* End XCBuildConfiguration section */

/* Begin XCConfigurationList section */
		EAD4884928D4AA1200EB9AEE /* Build configuration list for PBXProject "RoomChatApp" */ = {
			isa = XCConfigurationList;
			buildConfigurations = (
				EAD4886028D4AA1300EB9AEE /* Debug */,
				EAD4886128D4AA1300EB9AEE /* Release */,
			);
			defaultConfigurationIsVisible = 0;
			defaultConfigurationName = Release;
		};
		EAD4886228D4AA1300EB9AEE /* Build configuration list for PBXNativeTarget "RoomChatApp" */ = {
			isa = XCConfigurationList;
			buildConfigurations = (
				EAD4886328D4AA1300EB9AEE /* Debug */,
				EAD4886428D4AA1300EB9AEE /* Release */,
			);
			defaultConfigurationIsVisible = 0;
			defaultConfigurationName = Release;
		};
/* End XCConfigurationList section */

/* Begin XCRemoteSwiftPackageReference section */
		EA52382128FB807200A21A59 /* XCRemoteSwiftPackageReference "firebase-ios-sdk" */ = {
			isa = XCRemoteSwiftPackageReference;
			repositoryURL = "https://github.com/firebase/firebase-ios-sdk";
			requirement = {
				kind = upToNextMajorVersion;
				minimumVersion = 9.0.0;
			};
		};
/* End XCRemoteSwiftPackageReference section */
	};
	rootObject = EAD4884628D4AA1200EB9AEE /* Project object */;
}
