// !$*UTF8*$!
{
	archiveVersion = 1;
	classes = {
	};
	objectVersion = 56;
	objects = {

/* Begin PBXBuildFile section */
		EAD1E75328D4B64D00F81C20 /* FormCollectionViewCell.swift in Sources */ = {isa = PBXBuildFile; fileRef = EAD1E75228D4B64D00F81C20 /* FormCollectionViewCell.swift */; };
		EAD4885228D4AA1200EB9AEE /* AppDelegate.swift in Sources */ = {isa = PBXBuildFile; fileRef = EAD4885128D4AA1200EB9AEE /* AppDelegate.swift */; };
		EAD4885428D4AA1200EB9AEE /* SceneDelegate.swift in Sources */ = {isa = PBXBuildFile; fileRef = EAD4885328D4AA1200EB9AEE /* SceneDelegate.swift */; };
		EAD4885628D4AA1200EB9AEE /* ViewController.swift in Sources */ = {isa = PBXBuildFile; fileRef = EAD4885528D4AA1200EB9AEE /* ViewController.swift */; };
		EAD4885928D4AA1200EB9AEE /* Main.storyboard in Resources */ = {isa = PBXBuildFile; fileRef = EAD4885728D4AA1200EB9AEE /* Main.storyboard */; };
		EAD4885B28D4AA1300EB9AEE /* Assets.xcassets in Resources */ = {isa = PBXBuildFile; fileRef = EAD4885A28D4AA1300EB9AEE /* Assets.xcassets */; };
		EAD4885E28D4AA1300EB9AEE /* LaunchScreen.storyboard in Resources */ = {isa = PBXBuildFile; fileRef = EAD4885C28D4AA1300EB9AEE /* LaunchScreen.storyboard */; };
		EAD4886728D4AE0300EB9AEE /* Extension+UiLable.swift in Sources */ = {isa = PBXBuildFile; fileRef = EAD4886628D4AE0300EB9AEE /* Extension+UiLable.swift */; };
/* End PBXBuildFile section */

/* Begin PBXFileReference section */
		EAD1E75228D4B64D00F81C20 /* FormCollectionViewCell.swift */ = {isa = PBXFileReference; lastKnownFileType = sourcecode.swift; path = FormCollectionViewCell.swift; sourceTree = "<group>"; };
		EAD4884E28D4AA1200EB9AEE /* RoomChatApp.app */ = {isa = PBXFileReference; explicitFileType = wrapper.application; includeInIndex = 0; path = RoomChatApp.app; sourceTree = BUILT_PRODUCTS_DIR; };
		EAD4885128D4AA1200EB9AEE /* AppDelegate.swift */ = {isa = PBXFileReference; lastKnownFileType = sourcecode.swift; path = AppDelegate.swift; sourceTree = "<group>"; };
		EAD4885328D4AA1200EB9AEE /* SceneDelegate.swift */ = {isa = PBXFileReference; lastKnownFileType = sourcecode.swift; path = SceneDelegate.swift; sourceTree = "<group>"; };
		EAD4885528D4AA1200EB9AEE /* ViewController.swift */ = {isa = PBXFileReference; lastKnownFileType = sourcecode.swift; path = ViewController.swift; sourceTree = "<group>"; };
		EAD4885828D4AA1200EB9AEE /* Base */ = {isa = PBXFileReference; lastKnownFileType = file.storyboard; name = Base; path = Base.lproj/Main.storyboard; sourceTree = "<group>"; };
		EAD4885A28D4AA1300EB9AEE /* Assets.xcassets */ = {isa = PBXFileReference; lastKnownFileType = folder.assetcatalog; path = Assets.xcassets; sourceTree = "<group>"; };
		EAD4885D28D4AA1300EB9AEE /* Base */ = {isa = PBXFileReference; lastKnownFileType = file.storyboard; name = Base; path = Base.lproj/LaunchScreen.storyboard; sourceTree = "<group>"; };
		EAD4885F28D4AA1300EB9AEE /* Info.plist */ = {isa = PBXFileReference; lastKnownFileType = text.plist.xml; path = Info.plist; sourceTree = "<group>"; };
		EAD4886628D4AE0300EB9AEE /* Extension+UiLable.swift */ = {isa = PBXFileReference; lastKnownFileType = sourcecode.swift; path = "Extension+UiLable.swift"; sourceTree = "<group>"; };
/* End PBXFileReference section */

/* Begin PBXFrameworksBuildPhase section */
		EAD4884B28D4AA1200EB9AEE /* Frameworks */ = {
			isa = PBXFrameworksBuildPhase;
			buildActionMask = 2147483647;
			files = (
			);
			runOnlyForDeploymentPostprocessing = 0;
		};
/* End PBXFrameworksBuildPhase section */

/* Begin PBXGroup section */
		EAD4884528D4AA1200EB9AEE = {
			isa = PBXGroup;
			children = (
				EAD4885028D4AA1200EB9AEE /* RoomChatApp */,
				EAD4884F28D4AA1200EB9AEE /* Products */,
			);
			sourceTree = "<group>";
		};
		EAD4884F28D4AA1200EB9AEE /* Products */ = {
			isa = PBXGroup;
			children = (
				EAD4884E28D4AA1200EB9AEE /* RoomChatApp.app */,
			);
			name = Products;
			sourceTree = "<group>";
		};
		EAD4885028D4AA1200EB9AEE /* RoomChatApp */ = {
			isa = PBXGroup;
			children = (
				EAD4886528D4ADF100EB9AEE /* Extensions */,
				EAD4885128D4AA1200EB9AEE /* AppDelegate.swift */,
				EAD4885328D4AA1200EB9AEE /* SceneDelegate.swift */,
				EAD4885528D4AA1200EB9AEE /* ViewController.swift */,
				EAD1E75228D4B64D00F81C20 /* FormCollectionViewCell.swift */,
				EAD4885728D4AA1200EB9AEE /* Main.storyboard */,
				EAD4885A28D4AA1300EB9AEE /* Assets.xcassets */,
				EAD4885C28D4AA1300EB9AEE /* LaunchScreen.storyboard */,
				EAD4885F28D4AA1300EB9AEE /* Info.plist */,
			);
			path = RoomChatApp;
			sourceTree = "<group>";
		};
		EAD4886528D4ADF100EB9AEE /* Extensions */ = {
			isa = PBXGroup;
			children = (
				EAD4886628D4AE0300EB9AEE /* Extension+UiLable.swift */,
			);
			path = Extensions;
			sourceTree = "<group>";
		};
/* End PBXGroup section */

/* Begin PBXNativeTarget section */
		EAD4884D28D4AA1200EB9AEE /* RoomChatApp */ = {
			isa = PBXNativeTarget;
			buildConfigurationList = EAD4886228D4AA1300EB9AEE /* Build configuration list for PBXNativeTarget "RoomChatApp" */;
			buildPhases = (
				EAD4884A28D4AA1200EB9AEE /* Sources */,
				EAD4884B28D4AA1200EB9AEE /* Frameworks */,
				EAD4884C28D4AA1200EB9AEE /* Resources */,
			);
			buildRules = (
			);
			dependencies = (
			);
			name = RoomChatApp;
			productName = RoomChatApp;
			productReference = EAD4884E28D4AA1200EB9AEE /* RoomChatApp.app */;
			productType = "com.apple.product-type.application";
		};
/* End PBXNativeTarget section */

/* Begin PBXProject section */
		EAD4884628D4AA1200EB9AEE /* Project object */ = {
			isa = PBXProject;
			attributes = {
				BuildIndependentTargetsInParallel = 1;
				LastSwiftUpdateCheck = 1400;
				LastUpgradeCheck = 1400;
				TargetAttributes = {
					EAD4884D28D4AA1200EB9AEE = {
						CreatedOnToolsVersion = 14.0;
					};
				};
			};
			buildConfigurationList = EAD4884928D4AA1200EB9AEE /* Build configuration list for PBXProject "RoomChatApp" */;
			compatibilityVersion = "Xcode 14.0";
			developmentRegion = en;
			hasScannedForEncodings = 0;
			knownRegions = (
				en,
				Base,
			);
			mainGroup = EAD4884528D4AA1200EB9AEE;
			productRefGroup = EAD4884F28D4AA1200EB9AEE /* Products */;
			projectDirPath = "";
			projectRoot = "";
			targets = (
				EAD4884D28D4AA1200EB9AEE /* RoomChatApp */,
			);
		};
/* End PBXProject section */

/* Begin PBXResourcesBuildPhase section */
		EAD4884C28D4AA1200EB9AEE /* Resources */ = {
			isa = PBXResourcesBuildPhase;
			buildActionMask = 2147483647;
			files = (
				EAD4885E28D4AA1300EB9AEE /* LaunchScreen.storyboard in Resources */,
				EAD4885B28D4AA1300EB9AEE /* Assets.xcassets in Resources */,
				EAD4885928D4AA1200EB9AEE /* Main.storyboard in Resources */,
			);
			runOnlyForDeploymentPostprocessing = 0;
		};
/* End PBXResourcesBuildPhase section */

/* Begin PBXSourcesBuildPhase section */
		EAD4884A28D4AA1200EB9AEE /* Sources */ = {
			isa = PBXSourcesBuildPhase;
			buildActionMask = 2147483647;
			files = (
				EAD1E75328D4B64D00F81C20 /* FormCollectionViewCell.swift in Sources */,
				EAD4886728D4AE0300EB9AEE /* Extension+UiLable.swift in Sources */,
				EAD4885628D4AA1200EB9AEE /* ViewController.swift in Sources */,
				EAD4885228D4AA1200EB9AEE /* AppDelegate.swift in Sources */,
				EAD4885428D4AA1200EB9AEE /* SceneDelegate.swift in Sources */,
			);
			runOnlyForDeploymentPostprocessing = 0;
		};
/* End PBXSourcesBuildPhase section */

/* Begin PBXVariantGroup section */
		EAD4885728D4AA1200EB9AEE /* Main.storyboard */ = {
			isa = PBXVariantGroup;
			children = (
				EAD4885828D4AA1200EB9AEE /* Base */,
			);
			name = Main.storyboard;
			sourceTree = "<group>";
		};
		EAD4885C28D4AA1300EB9AEE /* LaunchScreen.storyboard */ = {
			isa = PBXVariantGroup;
			children = (
				EAD4885D28D4AA1300EB9AEE /* Base */,
			);
			name = LaunchScreen.storyboard;
			sourceTree = "<group>";
		};
/* End PBXVariantGroup section */

/* Begin XCBuildConfiguration section */
		EAD4886028D4AA1300EB9AEE /* Debug */ = {
			isa = XCBuildConfiguration;
			buildSettings = {
				ALWAYS_SEARCH_USER_PATHS = NO;
				CLANG_ANALYZER_NONNULL = YES;
				CLANG_ANALYZER_NUMBER_OBJECT_CONVERSION = YES_AGGRESSIVE;
				CLANG_CXX_LANGUAGE_STANDARD = "gnu++20";
				CLANG_ENABLE_MODULES = YES;
				CLANG_ENABLE_OBJC_ARC = YES;
				CLANG_ENABLE_OBJC_WEAK = YES;
				CLANG_WARN_BLOCK_CAPTURE_AUTORELEASING = YES;
				CLANG_WARN_BOOL_CONVERSION = YES;
				CLANG_WARN_COMMA = YES;
				CLANG_WARN_CONSTANT_CONVERSION = YES;
				CLANG_WARN_DEPRECATED_OBJC_IMPLEMENTATIONS = YES;
				CLANG_WARN_DIRECT_OBJC_ISA_USAGE = YES_ERROR;
				CLANG_WARN_DOCUMENTATION_COMMENTS = YES;
				CLANG_WARN_EMPTY_BODY = YES;
				CLANG_WARN_ENUM_CONVERSION = YES;
				CLANG_WARN_INFINITE_RECURSION = YES;
				CLANG_WARN_INT_CONVERSION = YES;
				CLANG_WARN_NON_LITERAL_NULL_CONVERSION = YES;
				CLANG_WARN_OBJC_IMPLICIT_RETAIN_SELF = YES;
				CLANG_WARN_OBJC_LITERAL_CONVERSION = YES;
				CLANG_WARN_OBJC_ROOT_CLASS = YES_ERROR;
				CLANG_WARN_QUOTED_INCLUDE_IN_FRAMEWORK_HEADER = YES;
				CLANG_WARN_RANGE_LOOP_ANALYSIS = YES;
				CLANG_WARN_STRICT_PROTOTYPES = YES;
				CLANG_WARN_SUSPICIOUS_MOVE = YES;
				CLANG_WARN_UNGUARDED_AVAILABILITY = YES_AGGRESSIVE;
				CLANG_WARN_UNREACHABLE_CODE = YES;
				CLANG_WARN__DUPLICATE_METHOD_MATCH = YES;
				COPY_PHASE_STRIP = NO;
				DEBUG_INFORMATION_FORMAT = dwarf;
				ENABLE_STRICT_OBJC_MSGSEND = YES;
				ENABLE_TESTABILITY = YES;
				GCC_C_LANGUAGE_STANDARD = gnu11;
				GCC_DYNAMIC_NO_PIC = NO;
				GCC_NO_COMMON_BLOCKS = YES;
				GCC_OPTIMIZATION_LEVEL = 0;
				GCC_PREPROCESSOR_DEFINITIONS = (
					"DEBUG=1",
					"$(inherited)",
				);
				GCC_WARN_64_TO_32_BIT_CONVERSION = YES;
				GCC_WARN_ABOUT_RETURN_TYPE = YES_ERROR;
				GCC_WARN_UNDECLARED_SELECTOR = YES;
				GCC_WARN_UNINITIALIZED_AUTOS = YES_AGGRESSIVE;
				GCC_WARN_UNUSED_FUNCTION = YES;
				GCC_WARN_UNUSED_VARIABLE = YES;
				IPHONEOS_DEPLOYMENT_TARGET = 16.0;
				MTL_ENABLE_DEBUG_INFO = INCLUDE_SOURCE;
				MTL_FAST_MATH = YES;
				ONLY_ACTIVE_ARCH = YES;
				SDKROOT = iphoneos;
				SWIFT_ACTIVE_COMPILATION_CONDITIONS = DEBUG;
				SWIFT_OPTIMIZATION_LEVEL = "-Onone";
			};
			name = Debug;
		};
		EAD4886128D4AA1300EB9AEE /* Release */ = {
			isa = XCBuildConfiguration;
			buildSettings = {
				ALWAYS_SEARCH_USER_PATHS = NO;
				CLANG_ANALYZER_NONNULL = YES;
				CLANG_ANALYZER_NUMBER_OBJECT_CONVERSION = YES_AGGRESSIVE;
				CLANG_CXX_LANGUAGE_STANDARD = "gnu++20";
				CLANG_ENABLE_MODULES = YES;
				CLANG_ENABLE_OBJC_ARC = YES;
				CLANG_ENABLE_OBJC_WEAK = YES;
				CLANG_WARN_BLOCK_CAPTURE_AUTORELEASING = YES;
				CLANG_WARN_BOOL_CONVERSION = YES;
				CLANG_WARN_COMMA = YES;
				CLANG_WARN_CONSTANT_CONVERSION = YES;
				CLANG_WARN_DEPRECATED_OBJC_IMPLEMENTATIONS = YES;
				CLANG_WARN_DIRECT_OBJC_ISA_USAGE = YES_ERROR;
				CLANG_WARN_DOCUMENTATION_COMMENTS = YES;
				CLANG_WARN_EMPTY_BODY = YES;
				CLANG_WARN_ENUM_CONVERSION = YES;
				CLANG_WARN_INFINITE_RECURSION = YES;
				CLANG_WARN_INT_CONVERSION = YES;
				CLANG_WARN_NON_LITERAL_NULL_CONVERSION = YES;
				CLANG_WARN_OBJC_IMPLICIT_RETAIN_SELF = YES;
				CLANG_WARN_OBJC_LITERAL_CONVERSION = YES;
				CLANG_WARN_OBJC_ROOT_CLASS = YES_ERROR;
				CLANG_WARN_QUOTED_INCLUDE_IN_FRAMEWORK_HEADER = YES;
				CLANG_WARN_RANGE_LOOP_ANALYSIS = YES;
				CLANG_WARN_STRICT_PROTOTYPES = YES;
				CLANG_WARN_SUSPICIOUS_MOVE = YES;
				CLANG_WARN_UNGUARDED_AVAILABILITY = YES_AGGRESSIVE;
				CLANG_WARN_UNREACHABLE_CODE = YES;
				CLANG_WARN__DUPLICATE_METHOD_MATCH = YES;
				COPY_PHASE_STRIP = NO;
				DEBUG_INFORMATION_FORMAT = "dwarf-with-dsym";
				ENABLE_NS_ASSERTIONS = NO;
				ENABLE_STRICT_OBJC_MSGSEND = YES;
				GCC_C_LANGUAGE_STANDARD = gnu11;
				GCC_NO_COMMON_BLOCKS = YES;
				GCC_WARN_64_TO_32_BIT_CONVERSION = YES;
				GCC_WARN_ABOUT_RETURN_TYPE = YES_ERROR;
				GCC_WARN_UNDECLARED_SELECTOR = YES;
				GCC_WARN_UNINITIALIZED_AUTOS = YES_AGGRESSIVE;
				GCC_WARN_UNUSED_FUNCTION = YES;
				GCC_WARN_UNUSED_VARIABLE = YES;
				IPHONEOS_DEPLOYMENT_TARGET = 16.0;
				MTL_ENABLE_DEBUG_INFO = NO;
				MTL_FAST_MATH = YES;
				SDKROOT = iphoneos;
				SWIFT_COMPILATION_MODE = wholemodule;
				SWIFT_OPTIMIZATION_LEVEL = "-O";
				VALIDATE_PRODUCT = YES;
			};
			name = Release;
		};
		EAD4886328D4AA1300EB9AEE /* Debug */ = {
			isa = XCBuildConfiguration;
			buildSettings = {
				ASSETCATALOG_COMPILER_APPICON_NAME = AppIcon;
				ASSETCATALOG_COMPILER_GLOBAL_ACCENT_COLOR_NAME = AccentColor;
				CODE_SIGN_STYLE = Automatic;
				CURRENT_PROJECT_VERSION = 1;
				GENERATE_INFOPLIST_FILE = YES;
				INFOPLIST_FILE = RoomChatApp/Info.plist;
				INFOPLIST_KEY_CFBundleDisplayName = Chatomat;
				INFOPLIST_KEY_UIApplicationSupportsIndirectInputEvents = YES;
				INFOPLIST_KEY_UILaunchStoryboardName = LaunchScreen;
				INFOPLIST_KEY_UIMainStoryboardFile = Main;
				INFOPLIST_KEY_UISupportedInterfaceOrientations_iPad = "UIInterfaceOrientationPortrait UIInterfaceOrientationPortraitUpsideDown UIInterfaceOrientationLandscapeLeft UIInterfaceOrientationLandscapeRight";
				INFOPLIST_KEY_UISupportedInterfaceOrientations_iPhone = "UIInterfaceOrientationPortrait UIInterfaceOrientationLandscapeLeft UIInterfaceOrientationLandscapeRight";
				LD_RUNPATH_SEARCH_PATHS = (
					"$(inherited)",
					"@executable_path/Frameworks",
				);
				MARKETING_VERSION = 1.0;
				PRODUCT_BUNDLE_IDENTIFIER = khaled2024.RoomChatApp;
				PRODUCT_NAME = "$(TARGET_NAME)";
				SWIFT_EMIT_LOC_STRINGS = YES;
				SWIFT_VERSION = 5.0;
				TARGETED_DEVICE_FAMILY = "1,2";
			};
			name = Debug;
		};
		EAD4886428D4AA1300EB9AEE /* Release */ = {
			isa = XCBuildConfiguration;
			buildSettings = {
				ASSETCATALOG_COMPILER_APPICON_NAME = AppIcon;
				ASSETCATALOG_COMPILER_GLOBAL_ACCENT_COLOR_NAME = AccentColor;
				CODE_SIGN_STYLE = Automatic;
				CURRENT_PROJECT_VERSION = 1;
				GENERATE_INFOPLIST_FILE = YES;
				INFOPLIST_FILE = RoomChatApp/Info.plist;
				INFOPLIST_KEY_CFBundleDisplayName = Chatomat;
				INFOPLIST_KEY_UIApplicationSupportsIndirectInputEvents = YES;
				INFOPLIST_KEY_UILaunchStoryboardName = LaunchScreen;
				INFOPLIST_KEY_UIMainStoryboardFile = Main;
				INFOPLIST_KEY_UISupportedInterfaceOrientations_iPad = "UIInterfaceOrientationPortrait UIInterfaceOrientationPortraitUpsideDown UIInterfaceOrientationLandscapeLeft UIInterfaceOrientationLandscapeRight";
				INFOPLIST_KEY_UISupportedInterfaceOrientations_iPhone = "UIInterfaceOrientationPortrait UIInterfaceOrientationLandscapeLeft UIInterfaceOrientationLandscapeRight";
				LD_RUNPATH_SEARCH_PATHS = (
					"$(inherited)",
					"@executable_path/Frameworks",
				);
				MARKETING_VERSION = 1.0;
				PRODUCT_BUNDLE_IDENTIFIER = khaled2024.RoomChatApp;
				PRODUCT_NAME = "$(TARGET_NAME)";
				SWIFT_EMIT_LOC_STRINGS = YES;
				SWIFT_VERSION = 5.0;
				TARGETED_DEVICE_FAMILY = "1,2";
			};
			name = Release;
		};
/* End XCBuildConfiguration section */

/* Begin XCConfigurationList section */
		EAD4884928D4AA1200EB9AEE /* Build configuration list for PBXProject "RoomChatApp" */ = {
			isa = XCConfigurationList;
			buildConfigurations = (
				EAD4886028D4AA1300EB9AEE /* Debug */,
				EAD4886128D4AA1300EB9AEE /* Release */,
			);
			defaultConfigurationIsVisible = 0;
			defaultConfigurationName = Release;
		};
		EAD4886228D4AA1300EB9AEE /* Build configuration list for PBXNativeTarget "RoomChatApp" */ = {
			isa = XCConfigurationList;
			buildConfigurations = (
				EAD4886328D4AA1300EB9AEE /* Debug */,
				EAD4886428D4AA1300EB9AEE /* Release */,
			);
			defaultConfigurationIsVisible = 0;
			defaultConfigurationName = Release;
		};
/* End XCConfigurationList section */
	};
	rootObject = EAD4884628D4AA1200EB9AEE /* Project object */;
}
